// !$*UTF8*$!
{
	archiveVersion = 1;
	classes = {
	};
	objectVersion = 77;
	objects = {

/* Begin PBXBuildFile section */
		C3D699DB2CA8818F005641C8 /* AlertToast in Frameworks */ = {isa = PBXBuildFile; productRef = C3D699DA2CA8818F005641C8 /* AlertToast */; };
/* End PBXBuildFile section */

/* Begin PBXContainerItemProxy section */
		C336485B2CA60D2400656DF2 /* PBXContainerItemProxy */ = {
			isa = PBXContainerItemProxy;
			containerPortal = C33648422CA60D2200656DF2 /* Project object */;
			proxyType = 1;
			remoteGlobalIDString = C33648492CA60D2200656DF2;
			remoteInfo = noroncontrolapp;
		};
		C33648652CA60D2400656DF2 /* PBXContainerItemProxy */ = {
			isa = PBXContainerItemProxy;
			containerPortal = C33648422CA60D2200656DF2 /* Project object */;
			proxyType = 1;
			remoteGlobalIDString = C33648492CA60D2200656DF2;
			remoteInfo = noroncontrolapp;
		};
/* End PBXContainerItemProxy section */

/* Begin PBXFileReference section */
		C336484A2CA60D2200656DF2 /* noroncontrolapp.app */ = {isa = PBXFileReference; explicitFileType = wrapper.application; includeInIndex = 0; path = noroncontrolapp.app; sourceTree = BUILT_PRODUCTS_DIR; };
		C336485A2CA60D2400656DF2 /* noroncontrolappTests.xctest */ = {isa = PBXFileReference; explicitFileType = wrapper.cfbundle; includeInIndex = 0; path = noroncontrolappTests.xctest; sourceTree = BUILT_PRODUCTS_DIR; };
		C33648642CA60D2400656DF2 /* noroncontrolappUITests.xctest */ = {isa = PBXFileReference; explicitFileType = wrapper.cfbundle; includeInIndex = 0; path = noroncontrolappUITests.xctest; sourceTree = BUILT_PRODUCTS_DIR; };
/* End PBXFileReference section */

/* Begin PBXFileSystemSynchronizedBuildFileExceptionSet section */
		C3A191362CA6B19E00E50F77 /* Exceptions for "noroncontrolapp" folder in "noroncontrolapp" target */ = {
			isa = PBXFileSystemSynchronizedBuildFileExceptionSet;
			membershipExceptions = (
				Info.plist,
			);
			target = C33648492CA60D2200656DF2 /* noroncontrolapp */;
		};
/* End PBXFileSystemSynchronizedBuildFileExceptionSet section */

/* Begin PBXFileSystemSynchronizedRootGroup section */
		C336484C2CA60D2200656DF2 /* noroncontrolapp */ = {
			isa = PBXFileSystemSynchronizedRootGroup;
			exceptions = (
				C3A191362CA6B19E00E50F77 /* Exceptions for "noroncontrolapp" folder in "noroncontrolapp" target */,
			);
			path = noroncontrolapp;
			sourceTree = "<group>";
		};
		C336485D2CA60D2400656DF2 /* noroncontrolappTests */ = {
			isa = PBXFileSystemSynchronizedRootGroup;
			path = noroncontrolappTests;
			sourceTree = "<group>";
		};
		C33648672CA60D2400656DF2 /* noroncontrolappUITests */ = {
			isa = PBXFileSystemSynchronizedRootGroup;
			path = noroncontrolappUITests;
			sourceTree = "<group>";
		};
/* End PBXFileSystemSynchronizedRootGroup section */

/* Begin PBXFrameworksBuildPhase section */
		C33648472CA60D2200656DF2 /* Frameworks */ = {
			isa = PBXFrameworksBuildPhase;
			buildActionMask = 2147483647;
			files = (
				C3D699DB2CA8818F005641C8 /* AlertToast in Frameworks */,
			);
			runOnlyForDeploymentPostprocessing = 0;
		};
		C33648572CA60D2400656DF2 /* Frameworks */ = {
			isa = PBXFrameworksBuildPhase;
			buildActionMask = 2147483647;
			files = (
			);
			runOnlyForDeploymentPostprocessing = 0;
		};
		C33648612CA60D2400656DF2 /* Frameworks */ = {
			isa = PBXFrameworksBuildPhase;
			buildActionMask = 2147483647;
			files = (
			);
			runOnlyForDeploymentPostprocessing = 0;
		};
/* End PBXFrameworksBuildPhase section */

/* Begin PBXGroup section */
		C33648412CA60D2200656DF2 = {
			isa = PBXGroup;
			children = (
				C336484C2CA60D2200656DF2 /* noroncontrolapp */,
				C336485D2CA60D2400656DF2 /* noroncontrolappTests */,
				C33648672CA60D2400656DF2 /* noroncontrolappUITests */,
				C336484B2CA60D2200656DF2 /* Products */,
			);
			sourceTree = "<group>";
		};
		C336484B2CA60D2200656DF2 /* Products */ = {
			isa = PBXGroup;
			children = (
				C336484A2CA60D2200656DF2 /* noroncontrolapp.app */,
				C336485A2CA60D2400656DF2 /* noroncontrolappTests.xctest */,
				C33648642CA60D2400656DF2 /* noroncontrolappUITests.xctest */,
			);
			name = Products;
			sourceTree = "<group>";
		};
/* End PBXGroup section */

/* Begin PBXNativeTarget section */
		C33648492CA60D2200656DF2 /* noroncontrolapp */ = {
			isa = PBXNativeTarget;
			buildConfigurationList = C336486E2CA60D2400656DF2 /* Build configuration list for PBXNativeTarget "noroncontrolapp" */;
			buildPhases = (
				C33648462CA60D2200656DF2 /* Sources */,
				C33648472CA60D2200656DF2 /* Frameworks */,
				C33648482CA60D2200656DF2 /* Resources */,
			);
			buildRules = (
			);
			dependencies = (
			);
			fileSystemSynchronizedGroups = (
				C336484C2CA60D2200656DF2 /* noroncontrolapp */,
			);
			name = noroncontrolapp;
			packageProductDependencies = (
				C3D699DA2CA8818F005641C8 /* AlertToast */,
			);
			productName = noroncontrolapp;
			productReference = C336484A2CA60D2200656DF2 /* noroncontrolapp.app */;
			productType = "com.apple.product-type.application";
		};
		C33648592CA60D2400656DF2 /* noroncontrolappTests */ = {
			isa = PBXNativeTarget;
			buildConfigurationList = C33648712CA60D2400656DF2 /* Build configuration list for PBXNativeTarget "noroncontrolappTests" */;
			buildPhases = (
				C33648562CA60D2400656DF2 /* Sources */,
				C33648572CA60D2400656DF2 /* Frameworks */,
				C33648582CA60D2400656DF2 /* Resources */,
			);
			buildRules = (
			);
			dependencies = (
				C336485C2CA60D2400656DF2 /* PBXTargetDependency */,
			);
			fileSystemSynchronizedGroups = (
				C336485D2CA60D2400656DF2 /* noroncontrolappTests */,
			);
			name = noroncontrolappTests;
			packageProductDependencies = (
			);
			productName = noroncontrolappTests;
			productReference = C336485A2CA60D2400656DF2 /* noroncontrolappTests.xctest */;
			productType = "com.apple.product-type.bundle.unit-test";
		};
		C33648632CA60D2400656DF2 /* noroncontrolappUITests */ = {
			isa = PBXNativeTarget;
			buildConfigurationList = C33648742CA60D2400656DF2 /* Build configuration list for PBXNativeTarget "noroncontrolappUITests" */;
			buildPhases = (
				C33648602CA60D2400656DF2 /* Sources */,
				C33648612CA60D2400656DF2 /* Frameworks */,
				C33648622CA60D2400656DF2 /* Resources */,
			);
			buildRules = (
			);
			dependencies = (
				C33648662CA60D2400656DF2 /* PBXTargetDependency */,
			);
			fileSystemSynchronizedGroups = (
				C33648672CA60D2400656DF2 /* noroncontrolappUITests */,
			);
			name = noroncontrolappUITests;
			packageProductDependencies = (
			);
			productName = noroncontrolappUITests;
			productReference = C33648642CA60D2400656DF2 /* noroncontrolappUITests.xctest */;
			productType = "com.apple.product-type.bundle.ui-testing";
		};
/* End PBXNativeTarget section */

/* Begin PBXProject section */
		C33648422CA60D2200656DF2 /* Project object */ = {
			isa = PBXProject;
			attributes = {
				BuildIndependentTargetsInParallel = 1;
				LastSwiftUpdateCheck = 1600;
				LastUpgradeCheck = 1600;
				TargetAttributes = {
					C33648492CA60D2200656DF2 = {
						CreatedOnToolsVersion = 16.0;
					};
					C33648592CA60D2400656DF2 = {
						CreatedOnToolsVersion = 16.0;
						TestTargetID = C33648492CA60D2200656DF2;
					};
					C33648632CA60D2400656DF2 = {
						CreatedOnToolsVersion = 16.0;
						TestTargetID = C33648492CA60D2200656DF2;
					};
				};
			};
			buildConfigurationList = C33648452CA60D2200656DF2 /* Build configuration list for PBXProject "noroncontrolapp" */;
			developmentRegion = en;
			hasScannedForEncodings = 0;
			knownRegions = (
				en,
				Base,
			);
			mainGroup = C33648412CA60D2200656DF2;
			minimizedProjectReferenceProxies = 1;
			packageReferences = (
				C3A416902CA8810C003AEC21 /* XCRemoteSwiftPackageReference "AlertToast" */,
			);
			preferredProjectObjectVersion = 77;
			productRefGroup = C336484B2CA60D2200656DF2 /* Products */;
			projectDirPath = "";
			projectRoot = "";
			targets = (
				C33648492CA60D2200656DF2 /* noroncontrolapp */,
				C33648592CA60D2400656DF2 /* noroncontrolappTests */,
				C33648632CA60D2400656DF2 /* noroncontrolappUITests */,
			);
		};
/* End PBXProject section */

/* Begin PBXResourcesBuildPhase section */
		C33648482CA60D2200656DF2 /* Resources */ = {
			isa = PBXResourcesBuildPhase;
			buildActionMask = 2147483647;
			files = (
			);
			runOnlyForDeploymentPostprocessing = 0;
		};
		C33648582CA60D2400656DF2 /* Resources */ = {
			isa = PBXResourcesBuildPhase;
			buildActionMask = 2147483647;
			files = (
			);
			runOnlyForDeploymentPostprocessing = 0;
		};
		C33648622CA60D2400656DF2 /* Resources */ = {
			isa = PBXResourcesBuildPhase;
			buildActionMask = 2147483647;
			files = (
			);
			runOnlyForDeploymentPostprocessing = 0;
		};
/* End PBXResourcesBuildPhase section */

/* Begin PBXSourcesBuildPhase section */
		C33648462CA60D2200656DF2 /* Sources */ = {
			isa = PBXSourcesBuildPhase;
			buildActionMask = 2147483647;
			files = (
			);
			runOnlyForDeploymentPostprocessing = 0;
		};
		C33648562CA60D2400656DF2 /* Sources */ = {
			isa = PBXSourcesBuildPhase;
			buildActionMask = 2147483647;
			files = (
			);
			runOnlyForDeploymentPostprocessing = 0;
		};
		C33648602CA60D2400656DF2 /* Sources */ = {
			isa = PBXSourcesBuildPhase;
			buildActionMask = 2147483647;
			files = (
			);
			runOnlyForDeploymentPostprocessing = 0;
		};
/* End PBXSourcesBuildPhase section */

/* Begin PBXTargetDependency section */
		C336485C2CA60D2400656DF2 /* PBXTargetDependency */ = {
			isa = PBXTargetDependency;
			target = C33648492CA60D2200656DF2 /* noroncontrolapp */;
			targetProxy = C336485B2CA60D2400656DF2 /* PBXContainerItemProxy */;
		};
		C33648662CA60D2400656DF2 /* PBXTargetDependency */ = {
			isa = PBXTargetDependency;
			target = C33648492CA60D2200656DF2 /* noroncontrolapp */;
			targetProxy = C33648652CA60D2400656DF2 /* PBXContainerItemProxy */;
		};
/* End PBXTargetDependency section */

/* Begin XCBuildConfiguration section */
		C336486C2CA60D2400656DF2 /* Debug */ = {
			isa = XCBuildConfiguration;
			buildSettings = {
				ALWAYS_SEARCH_USER_PATHS = NO;
				ASSETCATALOG_COMPILER_GENERATE_SWIFT_ASSET_SYMBOL_EXTENSIONS = YES;
				CLANG_ANALYZER_NONNULL = YES;
				CLANG_ANALYZER_NUMBER_OBJECT_CONVERSION = YES_AGGRESSIVE;
				CLANG_CXX_LANGUAGE_STANDARD = "gnu++20";
				CLANG_ENABLE_MODULES = YES;
				CLANG_ENABLE_OBJC_ARC = YES;
				CLANG_ENABLE_OBJC_WEAK = YES;
				CLANG_WARN_BLOCK_CAPTURE_AUTORELEASING = YES;
				CLANG_WARN_BOOL_CONVERSION = YES;
				CLANG_WARN_COMMA = YES;
				CLANG_WARN_CONSTANT_CONVERSION = YES;
				CLANG_WARN_DEPRECATED_OBJC_IMPLEMENTATIONS = YES;
				CLANG_WARN_DIRECT_OBJC_ISA_USAGE = YES_ERROR;
				CLANG_WARN_DOCUMENTATION_COMMENTS = YES;
				CLANG_WARN_EMPTY_BODY = YES;
				CLANG_WARN_ENUM_CONVERSION = YES;
				CLANG_WARN_INFINITE_RECURSION = YES;
				CLANG_WARN_INT_CONVERSION = YES;
				CLANG_WARN_NON_LITERAL_NULL_CONVERSION = YES;
				CLANG_WARN_OBJC_IMPLICIT_RETAIN_SELF = YES;
				CLANG_WARN_OBJC_LITERAL_CONVERSION = YES;
				CLANG_WARN_OBJC_ROOT_CLASS = YES_ERROR;
				CLANG_WARN_QUOTED_INCLUDE_IN_FRAMEWORK_HEADER = YES;
				CLANG_WARN_RANGE_LOOP_ANALYSIS = YES;
				CLANG_WARN_STRICT_PROTOTYPES = YES;
				CLANG_WARN_SUSPICIOUS_MOVE = YES;
				CLANG_WARN_UNGUARDED_AVAILABILITY = YES_AGGRESSIVE;
				CLANG_WARN_UNREACHABLE_CODE = YES;
				CLANG_WARN__DUPLICATE_METHOD_MATCH = YES;
				COPY_PHASE_STRIP = NO;
				DEBUG_INFORMATION_FORMAT = dwarf;
				ENABLE_STRICT_OBJC_MSGSEND = YES;
				ENABLE_TESTABILITY = YES;
				ENABLE_USER_SCRIPT_SANDBOXING = YES;
				GCC_C_LANGUAGE_STANDARD = gnu17;
				GCC_DYNAMIC_NO_PIC = NO;
				GCC_NO_COMMON_BLOCKS = YES;
				GCC_OPTIMIZATION_LEVEL = 0;
				GCC_PREPROCESSOR_DEFINITIONS = (
					"DEBUG=1",
					"$(inherited)",
				);
				GCC_WARN_64_TO_32_BIT_CONVERSION = YES;
				GCC_WARN_ABOUT_RETURN_TYPE = YES_ERROR;
				GCC_WARN_UNDECLARED_SELECTOR = YES;
				GCC_WARN_UNINITIALIZED_AUTOS = YES_AGGRESSIVE;
				GCC_WARN_UNUSED_FUNCTION = YES;
				GCC_WARN_UNUSED_VARIABLE = YES;
				IPHONEOS_DEPLOYMENT_TARGET = 18.0;
				LOCALIZATION_PREFERS_STRING_CATALOGS = YES;
				MTL_ENABLE_DEBUG_INFO = INCLUDE_SOURCE;
				MTL_FAST_MATH = YES;
				ONLY_ACTIVE_ARCH = YES;
				SDKROOT = iphoneos;
				SWIFT_ACTIVE_COMPILATION_CONDITIONS = "DEBUG $(inherited)";
				SWIFT_OPTIMIZATION_LEVEL = "-Onone";
			};
			name = Debug;
		};
		C336486D2CA60D2400656DF2 /* Release */ = {
			isa = XCBuildConfiguration;
			buildSettings = {
				ALWAYS_SEARCH_USER_PATHS = NO;
				ASSETCATALOG_COMPILER_GENERATE_SWIFT_ASSET_SYMBOL_EXTENSIONS = YES;
				CLANG_ANALYZER_NONNULL = YES;
				CLANG_ANALYZER_NUMBER_OBJECT_CONVERSION = YES_AGGRESSIVE;
				CLANG_CXX_LANGUAGE_STANDARD = "gnu++20";
				CLANG_ENABLE_MODULES = YES;
				CLANG_ENABLE_OBJC_ARC = YES;
				CLANG_ENABLE_OBJC_WEAK = YES;
				CLANG_WARN_BLOCK_CAPTURE_AUTORELEASING = YES;
				CLANG_WARN_BOOL_CONVERSION = YES;
				CLANG_WARN_COMMA = YES;
				CLANG_WARN_CONSTANT_CONVERSION = YES;
				CLANG_WARN_DEPRECATED_OBJC_IMPLEMENTATIONS = YES;
				CLANG_WARN_DIRECT_OBJC_ISA_USAGE = YES_ERROR;
				CLANG_WARN_DOCUMENTATION_COMMENTS = YES;
				CLANG_WARN_EMPTY_BODY = YES;
				CLANG_WARN_ENUM_CONVERSION = YES;
				CLANG_WARN_INFINITE_RECURSION = YES;
				CLANG_WARN_INT_CONVERSION = YES;
				CLANG_WARN_NON_LITERAL_NULL_CONVERSION = YES;
				CLANG_WARN_OBJC_IMPLICIT_RETAIN_SELF = YES;
				CLANG_WARN_OBJC_LITERAL_CONVERSION = YES;
				CLANG_WARN_OBJC_ROOT_CLASS = YES_ERROR;
				CLANG_WARN_QUOTED_INCLUDE_IN_FRAMEWORK_HEADER = YES;
				CLANG_WARN_RANGE_LOOP_ANALYSIS = YES;
				CLANG_WARN_STRICT_PROTOTYPES = YES;
				CLANG_WARN_SUSPICIOUS_MOVE = YES;
				CLANG_WARN_UNGUARDED_AVAILABILITY = YES_AGGRESSIVE;
				CLANG_WARN_UNREACHABLE_CODE = YES;
				CLANG_WARN__DUPLICATE_METHOD_MATCH = YES;
				COPY_PHASE_STRIP = NO;
				DEBUG_INFORMATION_FORMAT = "dwarf-with-dsym";
				ENABLE_NS_ASSERTIONS = NO;
				ENABLE_STRICT_OBJC_MSGSEND = YES;
				ENABLE_USER_SCRIPT_SANDBOXING = YES;
				GCC_C_LANGUAGE_STANDARD = gnu17;
				GCC_NO_COMMON_BLOCKS = YES;
				GCC_WARN_64_TO_32_BIT_CONVERSION = YES;
				GCC_WARN_ABOUT_RETURN_TYPE = YES_ERROR;
				GCC_WARN_UNDECLARED_SELECTOR = YES;
				GCC_WARN_UNINITIALIZED_AUTOS = YES_AGGRESSIVE;
				GCC_WARN_UNUSED_FUNCTION = YES;
				GCC_WARN_UNUSED_VARIABLE = YES;
				IPHONEOS_DEPLOYMENT_TARGET = 18.0;
				LOCALIZATION_PREFERS_STRING_CATALOGS = YES;
				MTL_ENABLE_DEBUG_INFO = NO;
				MTL_FAST_MATH = YES;
				SDKROOT = iphoneos;
				SWIFT_COMPILATION_MODE = wholemodule;
				VALIDATE_PRODUCT = YES;
			};
			name = Release;
		};
		C336486F2CA60D2400656DF2 /* Debug */ = {
			isa = XCBuildConfiguration;
			buildSettings = {
				ASSETCATALOG_COMPILER_APPICON_NAME = AppIcon;
				ASSETCATALOG_COMPILER_GLOBAL_ACCENT_COLOR_NAME = AccentColor;
				CODE_SIGN_STYLE = Automatic;
				CURRENT_PROJECT_VERSION = 1;
				DEVELOPMENT_ASSET_PATHS = "\"noroncontrolapp/Preview Content\"";
				ENABLE_PREVIEWS = YES;
				GENERATE_INFOPLIST_FILE = YES;
				INFOPLIST_FILE = noroncontrolapp/Info.plist;
				INFOPLIST_KEY_UIApplicationSceneManifest_Generation = YES;
				INFOPLIST_KEY_UIApplicationSupportsIndirectInputEvents = YES;
				INFOPLIST_KEY_UILaunchScreen_Generation = YES;
				INFOPLIST_KEY_UISupportedInterfaceOrientations_iPad = "UIInterfaceOrientationPortrait UIInterfaceOrientationPortraitUpsideDown UIInterfaceOrientationLandscapeLeft UIInterfaceOrientationLandscapeRight";
				INFOPLIST_KEY_UISupportedInterfaceOrientations_iPhone = "UIInterfaceOrientationPortrait UIInterfaceOrientationLandscapeLeft UIInterfaceOrientationLandscapeRight";
				LD_RUNPATH_SEARCH_PATHS = (
					"$(inherited)",
					"@executable_path/Frameworks",
				);
				MARKETING_VERSION = 1.0;
				PRODUCT_BUNDLE_IDENTIFIER = com.noronsoft.noroncontrolapp;
				PRODUCT_NAME = "$(TARGET_NAME)";
				SWIFT_EMIT_LOC_STRINGS = YES;
				SWIFT_VERSION = 5.0;
				TARGETED_DEVICE_FAMILY = "1,2";
			};
			name = Debug;
		};
		C33648702CA60D2400656DF2 /* Release */ = {
			isa = XCBuildConfiguration;
			buildSettings = {
				ASSETCATALOG_COMPILER_APPICON_NAME = AppIcon;
				ASSETCATALOG_COMPILER_GLOBAL_ACCENT_COLOR_NAME = AccentColor;
				CODE_SIGN_STYLE = Automatic;
				CURRENT_PROJECT_VERSION = 1;
				DEVELOPMENT_ASSET_PATHS = "\"noroncontrolapp/Preview Content\"";
				ENABLE_PREVIEWS = YES;
				GENERATE_INFOPLIST_FILE = YES;
				INFOPLIST_FILE = noroncontrolapp/Info.plist;
				INFOPLIST_KEY_UIApplicationSceneManifest_Generation = YES;
				INFOPLIST_KEY_UIApplicationSupportsIndirectInputEvents = YES;
				INFOPLIST_KEY_UILaunchScreen_Generation = YES;
				INFOPLIST_KEY_UISupportedInterfaceOrientations_iPad = "UIInterfaceOrientationPortrait UIInterfaceOrientationPortraitUpsideDown UIInterfaceOrientationLandscapeLeft UIInterfaceOrientationLandscapeRight";
				INFOPLIST_KEY_UISupportedInterfaceOrientations_iPhone = "UIInterfaceOrientationPortrait UIInterfaceOrientationLandscapeLeft UIInterfaceOrientationLandscapeRight";
				LD_RUNPATH_SEARCH_PATHS = (
					"$(inherited)",
					"@executable_path/Frameworks",
				);
				MARKETING_VERSION = 1.0;
				PRODUCT_BUNDLE_IDENTIFIER = com.noronsoft.noroncontrolapp;
				PRODUCT_NAME = "$(TARGET_NAME)";
				SWIFT_EMIT_LOC_STRINGS = YES;
				SWIFT_VERSION = 5.0;
				TARGETED_DEVICE_FAMILY = "1,2";
			};
			name = Release;
		};
		C33648722CA60D2400656DF2 /* Debug */ = {
			isa = XCBuildConfiguration;
			buildSettings = {
				BUNDLE_LOADER = "$(TEST_HOST)";
				CODE_SIGN_STYLE = Automatic;
				CURRENT_PROJECT_VERSION = 1;
				GENERATE_INFOPLIST_FILE = YES;
				IPHONEOS_DEPLOYMENT_TARGET = 18.0;
				MARKETING_VERSION = 1.0;
				PRODUCT_BUNDLE_IDENTIFIER = com.noronsoft.noroncontrolappTests;
				PRODUCT_NAME = "$(TARGET_NAME)";
				SWIFT_EMIT_LOC_STRINGS = NO;
				SWIFT_VERSION = 5.0;
				TARGETED_DEVICE_FAMILY = "1,2";
				TEST_HOST = "$(BUILT_PRODUCTS_DIR)/noroncontrolapp.app/$(BUNDLE_EXECUTABLE_FOLDER_PATH)/noroncontrolapp";
			};
			name = Debug;
		};
		C33648732CA60D2400656DF2 /* Release */ = {
			isa = XCBuildConfiguration;
			buildSettings = {
				BUNDLE_LOADER = "$(TEST_HOST)";
				CODE_SIGN_STYLE = Automatic;
				CURRENT_PROJECT_VERSION = 1;
				GENERATE_INFOPLIST_FILE = YES;
				IPHONEOS_DEPLOYMENT_TARGET = 18.0;
				MARKETING_VERSION = 1.0;
				PRODUCT_BUNDLE_IDENTIFIER = com.noronsoft.noroncontrolappTests;
				PRODUCT_NAME = "$(TARGET_NAME)";
				SWIFT_EMIT_LOC_STRINGS = NO;
				SWIFT_VERSION = 5.0;
				TARGETED_DEVICE_FAMILY = "1,2";
				TEST_HOST = "$(BUILT_PRODUCTS_DIR)/noroncontrolapp.app/$(BUNDLE_EXECUTABLE_FOLDER_PATH)/noroncontrolapp";
			};
			name = Release;
		};
		C33648752CA60D2400656DF2 /* Debug */ = {
			isa = XCBuildConfiguration;
			buildSettings = {
				CODE_SIGN_STYLE = Automatic;
				CURRENT_PROJECT_VERSION = 1;
				GENERATE_INFOPLIST_FILE = YES;
				MARKETING_VERSION = 1.0;
				PRODUCT_BUNDLE_IDENTIFIER = com.noronsoft.noroncontrolappUITests;
				PRODUCT_NAME = "$(TARGET_NAME)";
				SWIFT_EMIT_LOC_STRINGS = NO;
				SWIFT_VERSION = 5.0;
				TARGETED_DEVICE_FAMILY = "1,2";
				TEST_TARGET_NAME = noroncontrolapp;
			};
			name = Debug;
		};
		C33648762CA60D2400656DF2 /* Release */ = {
			isa = XCBuildConfiguration;
			buildSettings = {
				CODE_SIGN_STYLE = Automatic;
				CURRENT_PROJECT_VERSION = 1;
				GENERATE_INFOPLIST_FILE = YES;
				MARKETING_VERSION = 1.0;
				PRODUCT_BUNDLE_IDENTIFIER = com.noronsoft.noroncontrolappUITests;
				PRODUCT_NAME = "$(TARGET_NAME)";
				SWIFT_EMIT_LOC_STRINGS = NO;
				SWIFT_VERSION = 5.0;
				TARGETED_DEVICE_FAMILY = "1,2";
				TEST_TARGET_NAME = noroncontrolapp;
			};
			name = Release;
		};
/* End XCBuildConfiguration section */

/* Begin XCConfigurationList section */
		C33648452CA60D2200656DF2 /* Build configuration list for PBXProject "noroncontrolapp" */ = {
			isa = XCConfigurationList;
			buildConfigurations = (
				C336486C2CA60D2400656DF2 /* Debug */,
				C336486D2CA60D2400656DF2 /* Release */,
			);
			defaultConfigurationIsVisible = 0;
			defaultConfigurationName = Release;
		};
		C336486E2CA60D2400656DF2 /* Build configuration list for PBXNativeTarget "noroncontrolapp" */ = {
			isa = XCConfigurationList;
			buildConfigurations = (
				C336486F2CA60D2400656DF2 /* Debug */,
				C33648702CA60D2400656DF2 /* Release */,
			);
			defaultConfigurationIsVisible = 0;
			defaultConfigurationName = Release;
		};
		C33648712CA60D2400656DF2 /* Build configuration list for PBXNativeTarget "noroncontrolappTests" */ = {
			isa = XCConfigurationList;
			buildConfigurations = (
				C33648722CA60D2400656DF2 /* Debug */,
				C33648732CA60D2400656DF2 /* Release */,
			);
			defaultConfigurationIsVisible = 0;
			defaultConfigurationName = Release;
		};
		C33648742CA60D2400656DF2 /* Build configuration list for PBXNativeTarget "noroncontrolappUITests" */ = {
			isa = XCConfigurationList;
			buildConfigurations = (
				C33648752CA60D2400656DF2 /* Debug */,
				C33648762CA60D2400656DF2 /* Release */,
			);
			defaultConfigurationIsVisible = 0;
			defaultConfigurationName = Release;
		};
/* End XCConfigurationList section */

/* Begin XCRemoteSwiftPackageReference section */
		C3A416902CA8810C003AEC21 /* XCRemoteSwiftPackageReference "AlertToast" */ = {
			isa = XCRemoteSwiftPackageReference;
			repositoryURL = "https://github.com/elai950/AlertToast";
			requirement = {
				kind = upToNextMajorVersion;
				minimumVersion = 1.3.9;
			};
		};
/* End XCRemoteSwiftPackageReference section */

/* Begin XCSwiftPackageProductDependency section */
		C3D699DA2CA8818F005641C8 /* AlertToast */ = {
			isa = XCSwiftPackageProductDependency;
			package = C3A416902CA8810C003AEC21 /* XCRemoteSwiftPackageReference "AlertToast" */;
			productName = AlertToast;
		};
/* End XCSwiftPackageProductDependency section */
	};
	rootObject = C33648422CA60D2200656DF2 /* Project object */;
}
